
Microsoft Visual Studio Solution File, Format Version 12.00
# Visual Studio Version 17
VisualStudioVersion = 17.6.33815.320
MinimumVisualStudioVersion = 10.0.40219.1
Project("{FAE04EC0-301F-11D3-BF4B-00C04F79EFBC}") = "calculadora", "calculadora\calculadora.csproj", "{36DB6DAA-4BAC-46A5-A662-E7116802E231}"
EndProject
Global
	GlobalSection(SolutionConfigurationPlatforms) = preSolution
		Debug|Any CPU = Debug|Any CPU
		Release|Any CPU = Release|Any CPU
	EndGlobalSection
	GlobalSection(ProjectConfigurationPlatforms) = postSolution
		{36DB6DAA-4BAC-46A5-A662-E7116802E231}.Debug|Any CPU.ActiveCfg = Debug|Any CPU
		{36DB6DAA-4BAC-46A5-A662-E7116802E231}.Debug|Any CPU.Build.0 = Debug|Any CPU
		{36DB6DAA-4BAC-46A5-A662-E7116802E231}.Release|Any CPU.ActiveCfg = Release|Any CPU
		{36DB6DAA-4BAC-46A5-A662-E7116802E231}.Release|Any CPU.Build.0 = Release|Any CPU
	EndGlobalSection
	GlobalSection(SolutionProperties) = preSolution
		HideSolutionNode = FALSE
	EndGlobalSection
	GlobalSection(ExtensibilityGlobals) = postSolution
		SolutionGuid = {8892A729-5A7C-45C0-9CEC-16A09226B05E}
	EndGlobalSection
EndGlobal
